name: Fix Yarn Lock
on: workflow_dispatch

jobs:
  fix:
    runs-on: ubuntu-latest
    steps:
      - uses: actions/checkout@v4
      - uses: actions/setup-node@v4
        with:
          node-version: 18
      - name: Update Lockfile
        run: |
          yarn install
          git config user.name "github-actions"
          git config user.email "github-actions@github.com"
          git add yarn.lock
          git commit -m "fix: update yarn.lock from action" || echo "No changes"
          git pus
